
Microsoft Visual Studio Solution File, Format Version 12.00
# Visual Studio Version 18
VisualStudioVersion = 18.6.11819.183 stable
MinimumVisualStudioVersion = 10.0.40219.1
Project("{FAE04EC0-301F-11D3-BF4B-00C04F79EFBC}") = "TelegramWatsonBot", "TelegramWatsonBot.csproj", "{2CDA0E46-1D0F-8854-6E74-D42CC1A35AB2}"
EndProject
Global
	GlobalSection(SolutionConfigurationPlatforms) = preSolution
		Debug|Any CPU = Debug|Any CPU
		Release|Any CPU = Release|Any CPU
	EndGlobalSection
	GlobalSection(ProjectConfigurationPlatforms) = postSolution
		{2CDA0E46-1D0F-8854-6E74-D42CC1A35AB2}.Debug|Any CPU.ActiveCfg = Debug|Any CPU
		{2CDA0E46-1D0F-8854-6E74-D42CC1A35AB2}.Debug|Any CPU.Build.0 = Debug|Any CPU
		{2CDA0E46-1D0F-8854-6E74-D42CC1A35AB2}.Release|Any CPU.ActiveCfg = Release|Any CPU
		{2CDA0E46-1D0F-8854-6E74-D42CC1A35AB2}.Release|Any CPU.Build.0 = Release|Any CPU
	EndGlobalSection
	GlobalSection(SolutionProperties) = preSolution
		HideSolutionNode = FALSE
	EndGlobalSection
	GlobalSection(ExtensibilityGlobals) = postSolution
		SolutionGuid = {864F4E9E-7947-4762-A57C-4F10B79874A8}
	EndGlobalSection
EndGlobal
